
Microsoft Visual Studio Solution File, Format Version 12.00
# Visual Studio 2013
VisualStudioVersion = 12.0.21005.1
MinimumVisualStudioVersion = 10.0.40219.1
Project("{FAE04EC0-301F-11D3-BF4B-00C04F79EFBC}") = "KanColleViewer", "Grabacr07.KanColleViewer\KanColleViewer.csproj", "{C5F0111F-3F68-4A74-BB20-BB762564D080}"
EndProject
Project("{2150E333-8FDC-42A3-9474-1A3956D46DE8}") = ".nuget", ".nuget", "{B8B36616-103B-4D8B-A752-A7C07FE1BA70}"
	ProjectSection(SolutionItems) = preProject
		.nuget\NuGet.Config = .nuget\NuGet.Config
		.nuget\NuGet.exe = .nuget\NuGet.exe
		.nuget\NuGet.targets = .nuget\NuGet.targets
	EndProjectSection
EndProject
Project("{FAE04EC0-301F-11D3-BF4B-00C04F79EFBC}") = "KanColleWrapper", "Grabacr07.KanColleWrapper\KanColleWrapper.csproj", "{0BC8CF79-76D9-46AD-867F-FEC6C6AD4594}"
EndProject
Project("{2150E333-8FDC-42A3-9474-1A3956D46DE8}") = ".resharper", ".resharper", "{4CB2D693-E4DB-447F-816E-C4F3EF36FD70}"
	ProjectSection(SolutionItems) = preProject
		KanColleViewer.sln.DotSettings = KanColleViewer.sln.DotSettings
	EndProjectSection
EndProject
Project("{2150E333-8FDC-42A3-9474-1A3956D46DE8}") = "Utilities", "Utilities", "{7F9428F0-290D-4DBC-80ED-A704ECB12C64}"
EndProject
Project("{FAE04EC0-301F-11D3-BF4B-00C04F79EFBC}") = "Desktop.Metro", "Grabacr07.Desktop.Metro\Desktop.Metro.csproj", "{F00FC570-2A80-4F61-8364-798CD44514B2}"
EndProject
Project("{2150E333-8FDC-42A3-9474-1A3956D46DE8}") = "Translations", "Translations", "{74D8B001-9382-4515-8709-5A09B55EB540}"
	ProjectSection(SolutionItems) = preProject
		resources\Translations\Equipment.xml = resources\Translations\Equipment.xml
		resources\Translations\Operations.xml = resources\Translations\Operations.xml
		resources\Translations\Quests.xml = resources\Translations\Quests.xml
		resources\Translations\Ships.xml = resources\Translations\Ships.xml
		resources\Translations\ShipTypes.xml = resources\Translations\ShipTypes.xml
	EndProjectSection
EndProject
Project("{2150E333-8FDC-42A3-9474-1A3956D46DE8}") = "German (de)", "German (de)", "{EB7BC13B-398E-4A1C-88D0-FE4D6BA44608}"
	ProjectSection(SolutionItems) = preProject
		resources\translations\de\Equipment.xml = resources\translations\de\Equipment.xml
		resources\translations\de\Operations.xml = resources\translations\de\Operations.xml
		resources\translations\de\Quests.xml = resources\translations\de\Quests.xml
		resources\translations\de\Ships.xml = resources\translations\de\Ships.xml
		resources\translations\de\ShipTypes.xml = resources\translations\de\ShipTypes.xml
	EndProjectSection
EndProject
Project("{2150E333-8FDC-42A3-9474-1A3956D46DE8}") = "Korean (ko-KR)", "Korean (ko-KR)", "{F356D021-8A8B-47F1-9235-3DFBBA09C03C}"
	ProjectSection(SolutionItems) = preProject
		resources\translations\ko-KR\Equipment.xml = resources\translations\ko-KR\Equipment.xml
		resources\translations\ko-KR\Operations.xml = resources\translations\ko-KR\Operations.xml
		resources\translations\ko-KR\Quests.xml = resources\translations\ko-KR\Quests.xml
		resources\translations\ko-KR\Ships.xml = resources\translations\ko-KR\Ships.xml
		resources\translations\ko-KR\ShipTypes.xml = resources\translations\ko-KR\ShipTypes.xml
	EndProjectSection
EndProject
Project("{2150E333-8FDC-42A3-9474-1A3956D46DE8}") = "Chinese (zh-CN)", "Chinese (zh-CN)", "{7945DA4F-E951-4E9E-95CA-B48C0F5A392F}"
	ProjectSection(SolutionItems) = preProject
		resources\translations\zh-CN\Equipment.xml = resources\translations\zh-CN\Equipment.xml
		resources\translations\zh-CN\Operations.xml = resources\translations\zh-CN\Operations.xml
		resources\translations\zh-CN\Quests.xml = resources\translations\zh-CN\Quests.xml
		resources\translations\zh-CN\Ships.xml = resources\translations\zh-CN\Ships.xml
		resources\translations\zh-CN\ShipTypes.xml = resources\translations\zh-CN\ShipTypes.xml
	EndProjectSection
EndProject
Global
	GlobalSection(SolutionConfigurationPlatforms) = preSolution
		Debug|Any CPU = Debug|Any CPU
		Debug|x86 = Debug|x86
		Release (beta)|Any CPU = Release (beta)|Any CPU
		Release (beta)|x86 = Release (beta)|x86
		Release|Any CPU = Release|Any CPU
		Release|x86 = Release|x86
	EndGlobalSection
	GlobalSection(ProjectConfigurationPlatforms) = postSolution
		{C5F0111F-3F68-4A74-BB20-BB762564D080}.Debug|Any CPU.ActiveCfg = Debug|Any CPU
		{C5F0111F-3F68-4A74-BB20-BB762564D080}.Debug|Any CPU.Build.0 = Debug|Any CPU
		{C5F0111F-3F68-4A74-BB20-BB762564D080}.Debug|x86.ActiveCfg = Debug|Any CPU
		{C5F0111F-3F68-4A74-BB20-BB762564D080}.Release (beta)|Any CPU.ActiveCfg = Release (beta)|Any CPU
		{C5F0111F-3F68-4A74-BB20-BB762564D080}.Release (beta)|Any CPU.Build.0 = Release (beta)|Any CPU
		{C5F0111F-3F68-4A74-BB20-BB762564D080}.Release (beta)|x86.ActiveCfg = Release (beta)|Any CPU
		{C5F0111F-3F68-4A74-BB20-BB762564D080}.Release|Any CPU.ActiveCfg = Release|Any CPU
		{C5F0111F-3F68-4A74-BB20-BB762564D080}.Release|Any CPU.Build.0 = Release|Any CPU
		{C5F0111F-3F68-4A74-BB20-BB762564D080}.Release|x86.ActiveCfg = Release|Any CPU
		{0BC8CF79-76D9-46AD-867F-FEC6C6AD4594}.Debug|Any CPU.ActiveCfg = Debug|Any CPU
		{0BC8CF79-76D9-46AD-867F-FEC6C6AD4594}.Debug|Any CPU.Build.0 = Debug|Any CPU
		{0BC8CF79-76D9-46AD-867F-FEC6C6AD4594}.Debug|x86.ActiveCfg = Debug|Any CPU
		{0BC8CF79-76D9-46AD-867F-FEC6C6AD4594}.Release (beta)|Any CPU.ActiveCfg = Release (beta)|Any CPU
		{0BC8CF79-76D9-46AD-867F-FEC6C6AD4594}.Release (beta)|Any CPU.Build.0 = Release (beta)|Any CPU
		{0BC8CF79-76D9-46AD-867F-FEC6C6AD4594}.Release (beta)|x86.ActiveCfg = Release (beta)|Any CPU
		{0BC8CF79-76D9-46AD-867F-FEC6C6AD4594}.Release|Any CPU.ActiveCfg = Release|Any CPU
		{0BC8CF79-76D9-46AD-867F-FEC6C6AD4594}.Release|Any CPU.Build.0 = Release|Any CPU
		{0BC8CF79-76D9-46AD-867F-FEC6C6AD4594}.Release|x86.ActiveCfg = Release|Any CPU
		{F00FC570-2A80-4F61-8364-798CD44514B2}.Debug|Any CPU.ActiveCfg = Debug|Any CPU
		{F00FC570-2A80-4F61-8364-798CD44514B2}.Debug|Any CPU.Build.0 = Debug|Any CPU
		{F00FC570-2A80-4F61-8364-798CD44514B2}.Debug|x86.ActiveCfg = Debug|Any CPU
		{F00FC570-2A80-4F61-8364-798CD44514B2}.Release (beta)|Any CPU.ActiveCfg = Release (beta)|Any CPU
		{F00FC570-2A80-4F61-8364-798CD44514B2}.Release (beta)|Any CPU.Build.0 = Release (beta)|Any CPU
		{F00FC570-2A80-4F61-8364-798CD44514B2}.Release (beta)|x86.ActiveCfg = Release (beta)|Any CPU
		{F00FC570-2A80-4F61-8364-798CD44514B2}.Release|Any CPU.ActiveCfg = Release|Any CPU
		{F00FC570-2A80-4F61-8364-798CD44514B2}.Release|Any CPU.Build.0 = Release|Any CPU
		{F00FC570-2A80-4F61-8364-798CD44514B2}.Release|x86.ActiveCfg = Release|Any CPU
	EndGlobalSection
	GlobalSection(SolutionProperties) = preSolution
		HideSolutionNode = FALSE
	EndGlobalSection
	GlobalSection(NestedProjects) = preSolution
		{F00FC570-2A80-4F61-8364-798CD44514B2} = {7F9428F0-290D-4DBC-80ED-A704ECB12C64}
		{7945DA4F-E951-4E9E-95CA-B48C0F5A392F} = {74D8B001-9382-4515-8709-5A09B55EB540}
		{F356D021-8A8B-47F1-9235-3DFBBA09C03C} = {74D8B001-9382-4515-8709-5A09B55EB540}
		{EB7BC13B-398E-4A1C-88D0-FE4D6BA44608} = {74D8B001-9382-4515-8709-5A09B55EB540}
	EndGlobalSection
EndGlobal
